
Microsoft Visual Studio Solution File, Format Version 12.00
# Visual Studio Version 17
VisualStudioVersion = 17.8.34330.188
MinimumVisualStudioVersion = 10.0.40219.1
Project("{FAE04EC0-301F-11D3-BF4B-00C04F79EFBC}") = "RickAndMorty", "RickAndMorty.csproj", "{DB19F4BE-FB78-4C24-876F-D9E8EE5A1AA6}"
EndProject
Global
	GlobalSection(SolutionConfigurationPlatforms) = preSolution
		Debug|Any CPU = Debug|Any CPU
		Release|Any CPU = Release|Any CPU
	EndGlobalSection
	GlobalSection(ProjectConfigurationPlatforms) = postSolution
		{DB19F4BE-FB78-4C24-876F-D9E8EE5A1AA6}.Debug|Any CPU.ActiveCfg = Debug|Any CPU
		{DB19F4BE-FB78-4C24-876F-D9E8EE5A1AA6}.Debug|Any CPU.Build.0 = Debug|Any CPU
		{DB19F4BE-FB78-4C24-876F-D9E8EE5A1AA6}.Debug|Any CPU.Deploy.0 = Debug|Any CPU
		{DB19F4BE-FB78-4C24-876F-D9E8EE5A1AA6}.Release|Any CPU.ActiveCfg = Release|Any CPU
		{DB19F4BE-FB78-4C24-876F-D9E8EE5A1AA6}.Release|Any CPU.Build.0 = Release|Any CPU
	EndGlobalSection
	GlobalSection(SolutionProperties) = preSolution
		HideSolutionNode = FALSE
	EndGlobalSection
	GlobalSection(ExtensibilityGlobals) = postSolution
		SolutionGuid = {F37D35C2-0353-441A-A3C4-74607DD9B712}
	EndGlobalSection
EndGlobal
